
Microsoft Visual Studio Solution File, Format Version 12.00
# Visual Studio Version 17
VisualStudioVersion = 17.9.34607.119
MinimumVisualStudioVersion = 10.0.40219.1
Project("{F2A71F9B-5D33-465A-A702-920D77279786}") = "StoreAPI", "StoreAPI\StoreAPI.fsproj", "{F441A03F-FE6F-47AF-AEA2-77C813B11B48}"
EndProject
Global
	GlobalSection(SolutionConfigurationPlatforms) = preSolution
		Debug|Any CPU = Debug|Any CPU
		Release|Any CPU = Release|Any CPU
	EndGlobalSection
	GlobalSection(ProjectConfigurationPlatforms) = postSolution
		{F441A03F-FE6F-47AF-AEA2-77C813B11B48}.Debug|Any CPU.ActiveCfg = Debug|Any CPU
		{F441A03F-FE6F-47AF-AEA2-77C813B11B48}.Debug|Any CPU.Build.0 = Debug|Any CPU
		{F441A03F-FE6F-47AF-AEA2-77C813B11B48}.Release|Any CPU.ActiveCfg = Release|Any CPU
		{F441A03F-FE6F-47AF-AEA2-77C813B11B48}.Release|Any CPU.Build.0 = Release|Any CPU
	EndGlobalSection
	GlobalSection(SolutionProperties) = preSolution
		HideSolutionNode = FALSE
	EndGlobalSection
	GlobalSection(ExtensibilityGlobals) = postSolution
		SolutionGuid = {DF2E24E7-86D6-41D0-A236-6D575B2996F1}
	EndGlobalSection
EndGlobal
